
Microsoft Visual Studio Solution File, Format Version 12.00
# Visual Studio Version 17
VisualStudioVersion = 17.2.32519.379
MinimumVisualStudioVersion = 10.0.40219.1
Project("{9A19103F-16F7-4668-BE54-9A1E7A4F7556}") = "Homework_3", "Homework_3\Homework_3.csproj", "{5DB26F23-570A-4A87-8DDA-2D4735D9A05A}"
EndProject
Project("{9A19103F-16F7-4668-BE54-9A1E7A4F7556}") = "Task_3", "Task_3\Task_3.csproj", "{7FB5567F-46E9-46E5-BC66-F4E40A16AC64}"
EndProject
Project("{FAE04EC0-301F-11D3-BF4B-00C04F79EFBC}") = "TestProject1", "TestProject1\TestProject1.csproj", "{042E0C4C-265C-49F0-B835-176DC88645EE}"
EndProject
Global
	GlobalSection(SolutionConfigurationPlatforms) = preSolution
		Debug|Any CPU = Debug|Any CPU
		Release|Any CPU = Release|Any CPU
	EndGlobalSection
	GlobalSection(ProjectConfigurationPlatforms) = postSolution
		{5DB26F23-570A-4A87-8DDA-2D4735D9A05A}.Debug|Any CPU.ActiveCfg = Debug|Any CPU
		{5DB26F23-570A-4A87-8DDA-2D4735D9A05A}.Debug|Any CPU.Build.0 = Debug|Any CPU
		{5DB26F23-570A-4A87-8DDA-2D4735D9A05A}.Release|Any CPU.ActiveCfg = Release|Any CPU
		{5DB26F23-570A-4A87-8DDA-2D4735D9A05A}.Release|Any CPU.Build.0 = Release|Any CPU
		{7FB5567F-46E9-46E5-BC66-F4E40A16AC64}.Debug|Any CPU.ActiveCfg = Debug|Any CPU
		{7FB5567F-46E9-46E5-BC66-F4E40A16AC64}.Debug|Any CPU.Build.0 = Debug|Any CPU
		{7FB5567F-46E9-46E5-BC66-F4E40A16AC64}.Release|Any CPU.ActiveCfg = Release|Any CPU
		{7FB5567F-46E9-46E5-BC66-F4E40A16AC64}.Release|Any CPU.Build.0 = Release|Any CPU
		{042E0C4C-265C-49F0-B835-176DC88645EE}.Debug|Any CPU.ActiveCfg = Debug|Any CPU
		{042E0C4C-265C-49F0-B835-176DC88645EE}.Debug|Any CPU.Build.0 = Debug|Any CPU
		{042E0C4C-265C-49F0-B835-176DC88645EE}.Release|Any CPU.ActiveCfg = Release|Any CPU
		{042E0C4C-265C-49F0-B835-176DC88645EE}.Release|Any CPU.Build.0 = Release|Any CPU
	EndGlobalSection
	GlobalSection(SolutionProperties) = preSolution
		HideSolutionNode = FALSE
	EndGlobalSection
	GlobalSection(ExtensibilityGlobals) = postSolution
		SolutionGuid = {E9770DEF-0483-4CCF-9BE6-789561AAA463}
	EndGlobalSection
EndGlobal
