
Microsoft Visual Studio Solution File, Format Version 12.00
# Visual Studio Version 17
VisualStudioVersion = 17.3.32929.385
MinimumVisualStudioVersion = 10.0.40219.1
Project("{FAE04EC0-301F-11D3-BF4B-00C04F79EFBC}") = "Sytnyk Illia's Homework 1", "Sytnyk Illia's Homework 1\Sytnyk Illia's Homework 1.csproj", "{CA1FE3AB-89B0-4A63-AD84-039C73EFB9AE}"
EndProject
Global
	GlobalSection(SolutionConfigurationPlatforms) = preSolution
		Debug|Any CPU = Debug|Any CPU
		Release|Any CPU = Release|Any CPU
	EndGlobalSection
	GlobalSection(ProjectConfigurationPlatforms) = postSolution
		{CA1FE3AB-89B0-4A63-AD84-039C73EFB9AE}.Debug|Any CPU.ActiveCfg = Debug|Any CPU
		{CA1FE3AB-89B0-4A63-AD84-039C73EFB9AE}.Debug|Any CPU.Build.0 = Debug|Any CPU
		{CA1FE3AB-89B0-4A63-AD84-039C73EFB9AE}.Release|Any CPU.ActiveCfg = Release|Any CPU
		{CA1FE3AB-89B0-4A63-AD84-039C73EFB9AE}.Release|Any CPU.Build.0 = Release|Any CPU
	EndGlobalSection
	GlobalSection(SolutionProperties) = preSolution
		HideSolutionNode = FALSE
	EndGlobalSection
	GlobalSection(ExtensibilityGlobals) = postSolution
		SolutionGuid = {485246CF-0157-451C-B9C3-12D0BA219590}
	EndGlobalSection
EndGlobal
