
Microsoft Visual Studio Solution File, Format Version 12.00
# Visual Studio Version 17
VisualStudioVersion = 17.2.32519.379
MinimumVisualStudioVersion = 10.0.40219.1
Project("{FAE04EC0-301F-11D3-BF4B-00C04F79EFBC}") = "Lesson_8", "Lesson_8\Lesson_8.csproj", "{10B0288A-53AD-486B-9B32-8C91A512826C}"
EndProject
Project("{FAE04EC0-301F-11D3-BF4B-00C04F79EFBC}") = "Homework_8", "Homework_8\Homework_8.csproj", "{A5ED36EA-0EC6-4D42-A61D-B4B9B8C7F511}"
EndProject
Global
	GlobalSection(SolutionConfigurationPlatforms) = preSolution
		Debug|Any CPU = Debug|Any CPU
		Release|Any CPU = Release|Any CPU
	EndGlobalSection
	GlobalSection(ProjectConfigurationPlatforms) = postSolution
		{10B0288A-53AD-486B-9B32-8C91A512826C}.Debug|Any CPU.ActiveCfg = Debug|Any CPU
		{10B0288A-53AD-486B-9B32-8C91A512826C}.Debug|Any CPU.Build.0 = Debug|Any CPU
		{10B0288A-53AD-486B-9B32-8C91A512826C}.Release|Any CPU.ActiveCfg = Release|Any CPU
		{10B0288A-53AD-486B-9B32-8C91A512826C}.Release|Any CPU.Build.0 = Release|Any CPU
		{A5ED36EA-0EC6-4D42-A61D-B4B9B8C7F511}.Debug|Any CPU.ActiveCfg = Debug|Any CPU
		{A5ED36EA-0EC6-4D42-A61D-B4B9B8C7F511}.Debug|Any CPU.Build.0 = Debug|Any CPU
		{A5ED36EA-0EC6-4D42-A61D-B4B9B8C7F511}.Release|Any CPU.ActiveCfg = Release|Any CPU
		{A5ED36EA-0EC6-4D42-A61D-B4B9B8C7F511}.Release|Any CPU.Build.0 = Release|Any CPU
	EndGlobalSection
	GlobalSection(SolutionProperties) = preSolution
		HideSolutionNode = FALSE
	EndGlobalSection
	GlobalSection(ExtensibilityGlobals) = postSolution
		SolutionGuid = {315455CA-58F3-4DA9-9F3B-F9DC00A6BDF5}
	EndGlobalSection
EndGlobal
