
Microsoft Visual Studio Solution File, Format Version 12.00
# Visual Studio Version 17
VisualStudioVersion = 17.2.32519.379
MinimumVisualStudioVersion = 10.0.40219.1
Project("{FAE04EC0-301F-11D3-BF4B-00C04F79EFBC}") = "Lesson_6.Test", "Lesson_6.Test\Lesson_6.Test.csproj", "{7FB89EB4-23AC-4CAB-8DC7-D85A32F3C8BB}"
EndProject
Project("{FAE04EC0-301F-11D3-BF4B-00C04F79EFBC}") = "Homework_6", "Homework_6\Homework_6.csproj", "{224BF625-B1DF-4595-8BAB-719EDF78E4DD}"
EndProject
Project("{FAE04EC0-301F-11D3-BF4B-00C04F79EFBC}") = "Homework_6.Console", "Homework_6.Console\Homework_6.Console.csproj", "{D1A80C28-D244-46DB-9BD6-DB2EF0C40BB0}"
EndProject
Project("{FAE04EC0-301F-11D3-BF4B-00C04F79EFBC}") = "Homework_6_Readnumbers.CLI", "Homework_6_Readnumbers.CLI\Homework_6_Readnumbers.CLI.csproj", "{DC313CF9-3C65-42BC-BD25-E0CCAFE7E147}"
EndProject
Global
	GlobalSection(SolutionConfigurationPlatforms) = preSolution
		Debug|Any CPU = Debug|Any CPU
		Release|Any CPU = Release|Any CPU
	EndGlobalSection
	GlobalSection(ProjectConfigurationPlatforms) = postSolution
		{7FB89EB4-23AC-4CAB-8DC7-D85A32F3C8BB}.Debug|Any CPU.ActiveCfg = Debug|Any CPU
		{7FB89EB4-23AC-4CAB-8DC7-D85A32F3C8BB}.Debug|Any CPU.Build.0 = Debug|Any CPU
		{7FB89EB4-23AC-4CAB-8DC7-D85A32F3C8BB}.Release|Any CPU.ActiveCfg = Release|Any CPU
		{7FB89EB4-23AC-4CAB-8DC7-D85A32F3C8BB}.Release|Any CPU.Build.0 = Release|Any CPU
		{224BF625-B1DF-4595-8BAB-719EDF78E4DD}.Debug|Any CPU.ActiveCfg = Debug|Any CPU
		{224BF625-B1DF-4595-8BAB-719EDF78E4DD}.Debug|Any CPU.Build.0 = Debug|Any CPU
		{224BF625-B1DF-4595-8BAB-719EDF78E4DD}.Release|Any CPU.ActiveCfg = Release|Any CPU
		{224BF625-B1DF-4595-8BAB-719EDF78E4DD}.Release|Any CPU.Build.0 = Release|Any CPU
		{D1A80C28-D244-46DB-9BD6-DB2EF0C40BB0}.Debug|Any CPU.ActiveCfg = Debug|Any CPU
		{D1A80C28-D244-46DB-9BD6-DB2EF0C40BB0}.Debug|Any CPU.Build.0 = Debug|Any CPU
		{D1A80C28-D244-46DB-9BD6-DB2EF0C40BB0}.Release|Any CPU.ActiveCfg = Release|Any CPU
		{D1A80C28-D244-46DB-9BD6-DB2EF0C40BB0}.Release|Any CPU.Build.0 = Release|Any CPU
		{DC313CF9-3C65-42BC-BD25-E0CCAFE7E147}.Debug|Any CPU.ActiveCfg = Debug|Any CPU
		{DC313CF9-3C65-42BC-BD25-E0CCAFE7E147}.Debug|Any CPU.Build.0 = Debug|Any CPU
		{DC313CF9-3C65-42BC-BD25-E0CCAFE7E147}.Release|Any CPU.ActiveCfg = Release|Any CPU
		{DC313CF9-3C65-42BC-BD25-E0CCAFE7E147}.Release|Any CPU.Build.0 = Release|Any CPU
	EndGlobalSection
	GlobalSection(SolutionProperties) = preSolution
		HideSolutionNode = FALSE
	EndGlobalSection
	GlobalSection(ExtensibilityGlobals) = postSolution
		SolutionGuid = {81B25264-47B5-4741-B981-29FCEEDE6452}
	EndGlobalSection
EndGlobal
