
Microsoft Visual Studio Solution File, Format Version 12.00
# Visual Studio Version 17
VisualStudioVersion = 17.3.32929.385
MinimumVisualStudioVersion = 10.0.40219.1
Project("{FAE04EC0-301F-11D3-BF4B-00C04F79EFBC}") = "Sytnyk Illia's Homework 2", "Sytnyk Illia's Homework 2\Sytnyk Illia's Homework 2.csproj", "{A71CC256-6D9A-49F9-83D4-059821D37A60}"
EndProject
Global
	GlobalSection(SolutionConfigurationPlatforms) = preSolution
		Debug|Any CPU = Debug|Any CPU
		Release|Any CPU = Release|Any CPU
	EndGlobalSection
	GlobalSection(ProjectConfigurationPlatforms) = postSolution
		{A71CC256-6D9A-49F9-83D4-059821D37A60}.Debug|Any CPU.ActiveCfg = Debug|Any CPU
		{A71CC256-6D9A-49F9-83D4-059821D37A60}.Debug|Any CPU.Build.0 = Debug|Any CPU
		{A71CC256-6D9A-49F9-83D4-059821D37A60}.Release|Any CPU.ActiveCfg = Release|Any CPU
		{A71CC256-6D9A-49F9-83D4-059821D37A60}.Release|Any CPU.Build.0 = Release|Any CPU
	EndGlobalSection
	GlobalSection(SolutionProperties) = preSolution
		HideSolutionNode = FALSE
	EndGlobalSection
	GlobalSection(ExtensibilityGlobals) = postSolution
		SolutionGuid = {889C3DD6-506B-4F93-9E91-D5729D426F2A}
	EndGlobalSection
EndGlobal
